
Microsoft Visual Studio Solution File, Format Version 12.00
# Visual Studio 15
VisualStudioVersion = 15.0.28307.136
MinimumVisualStudioVersion = 10.0.40219.1
Project("{2150E333-8FDC-42A3-9474-1A3956D46DE8}") = "Data", "Data", "{A978CFE9-CE34-4FF1-A358-CC22B0C1B304}"
EndProject
Project("{2150E333-8FDC-42A3-9474-1A3956D46DE8}") = "Web", "Web", "{0E1CAEA9-939B-484F-B362-702708F1A9E4}"
EndProject
Project("{2150E333-8FDC-42A3-9474-1A3956D46DE8}") = "Services", "Services", "{F5159551-E302-4086-9F7E-46E115995809}"
EndProject
Project("{2150E333-8FDC-42A3-9474-1A3956D46DE8}") = "Tests", "Tests", "{21E7A732-8E86-47A8-BE72-5520450B855E}"
EndProject
Project("{FAE04EC0-301F-11D3-BF4B-00C04F79EFBC}") = "F1Cafe.Web", "Web\F1Cafe.Web\F1Cafe.Web.csproj", "{1BBEEF71-B5A6-4EC4-8095-422DA897B843}"
EndProject
Project("{FAE04EC0-301F-11D3-BF4B-00C04F79EFBC}") = "F1Cafe.Data", "Data\F1Cafe.Data\F1Cafe.Data.csproj", "{588F3A84-D1CE-4D6E-B751-D02006F01073}"
EndProject
Project("{FAE04EC0-301F-11D3-BF4B-00C04F79EFBC}") = "F1Cafe.Data.Models", "Data\F1Cafe.Data.Models\F1Cafe.Data.Models.csproj", "{E6A1E03A-B3BC-41E0-A646-C229B12B38C5}"
EndProject
Global
	GlobalSection(SolutionConfigurationPlatforms) = preSolution
		Debug|Any CPU = Debug|Any CPU
		Release|Any CPU = Release|Any CPU
	EndGlobalSection
	GlobalSection(ProjectConfigurationPlatforms) = postSolution
		{1BBEEF71-B5A6-4EC4-8095-422DA897B843}.Debug|Any CPU.ActiveCfg = Debug|Any CPU
		{1BBEEF71-B5A6-4EC4-8095-422DA897B843}.Debug|Any CPU.Build.0 = Debug|Any CPU
		{1BBEEF71-B5A6-4EC4-8095-422DA897B843}.Release|Any CPU.ActiveCfg = Release|Any CPU
		{1BBEEF71-B5A6-4EC4-8095-422DA897B843}.Release|Any CPU.Build.0 = Release|Any CPU
		{588F3A84-D1CE-4D6E-B751-D02006F01073}.Debug|Any CPU.ActiveCfg = Debug|Any CPU
		{588F3A84-D1CE-4D6E-B751-D02006F01073}.Debug|Any CPU.Build.0 = Debug|Any CPU
		{588F3A84-D1CE-4D6E-B751-D02006F01073}.Release|Any CPU.ActiveCfg = Release|Any CPU
		{588F3A84-D1CE-4D6E-B751-D02006F01073}.Release|Any CPU.Build.0 = Release|Any CPU
		{E6A1E03A-B3BC-41E0-A646-C229B12B38C5}.Debug|Any CPU.ActiveCfg = Debug|Any CPU
		{E6A1E03A-B3BC-41E0-A646-C229B12B38C5}.Debug|Any CPU.Build.0 = Debug|Any CPU
		{E6A1E03A-B3BC-41E0-A646-C229B12B38C5}.Release|Any CPU.ActiveCfg = Release|Any CPU
		{E6A1E03A-B3BC-41E0-A646-C229B12B38C5}.Release|Any CPU.Build.0 = Release|Any CPU
	EndGlobalSection
	GlobalSection(SolutionProperties) = preSolution
		HideSolutionNode = FALSE
	EndGlobalSection
	GlobalSection(NestedProjects) = preSolution
		{1BBEEF71-B5A6-4EC4-8095-422DA897B843} = {0E1CAEA9-939B-484F-B362-702708F1A9E4}
		{588F3A84-D1CE-4D6E-B751-D02006F01073} = {A978CFE9-CE34-4FF1-A358-CC22B0C1B304}
		{E6A1E03A-B3BC-41E0-A646-C229B12B38C5} = {A978CFE9-CE34-4FF1-A358-CC22B0C1B304}
	EndGlobalSection
	GlobalSection(ExtensibilityGlobals) = postSolution
		SolutionGuid = {E08D2A48-F579-46F3-862C-DB3B83B54CE5}
	EndGlobalSection
EndGlobal
